
Microsoft Visual Studio Solution File, Format Version 12.00
# Visual Studio Version 16
VisualStudioVersion = 16.0.31911.196
MinimumVisualStudioVersion = 10.0.40219.1
Project("{8BC9CEB8-8B4A-11D0-8D11-00A0C91BC942}") = "series using user defined function", "series using user defined function.vcxproj", "{F0E17F2C-F980-40E0-8143-324800024924}"
EndProject
Global
	GlobalSection(SolutionConfigurationPlatforms) = preSolution
		Debug|x64 = Debug|x64
		Debug|x86 = Debug|x86
		Release|x64 = Release|x64
		Release|x86 = Release|x86
	EndGlobalSection
	GlobalSection(ProjectConfigurationPlatforms) = postSolution
		{F0E17F2C-F980-40E0-8143-324800024924}.Debug|x64.ActiveCfg = Debug|x64
		{F0E17F2C-F980-40E0-8143-324800024924}.Debug|x64.Build.0 = Debug|x64
		{F0E17F2C-F980-40E0-8143-324800024924}.Debug|x86.ActiveCfg = Debug|Win32
		{F0E17F2C-F980-40E0-8143-324800024924}.Debug|x86.Build.0 = Debug|Win32
		{F0E17F2C-F980-40E0-8143-324800024924}.Release|x64.ActiveCfg = Release|x64
		{F0E17F2C-F980-40E0-8143-324800024924}.Release|x64.Build.0 = Release|x64
		{F0E17F2C-F980-40E0-8143-324800024924}.Release|x86.ActiveCfg = Release|Win32
		{F0E17F2C-F980-40E0-8143-324800024924}.Release|x86.Build.0 = Release|Win32
	EndGlobalSection
	GlobalSection(SolutionProperties) = preSolution
		HideSolutionNode = FALSE
	EndGlobalSection
	GlobalSection(ExtensibilityGlobals) = postSolution
		SolutionGuid = {211CCB62-BDF6-4E43-8299-07FEB90A8876}
	EndGlobalSection
EndGlobal
